
Microsoft Visual Studio Solution File, Format Version 12.00
# Visual Studio Version 17
VisualStudioVersion = 17.4.33213.308
MinimumVisualStudioVersion = 10.0.40219.1
Project("{FAE04EC0-301F-11D3-BF4B-00C04F79EFBC}") = "Api", "Api\Api.csproj", "{19A9B66B-778F-45A3-B7B4-3AF86FE7EDC7}"
EndProject
Global
	GlobalSection(SolutionConfigurationPlatforms) = preSolution
		Debug|Any CPU = Debug|Any CPU
		Release|Any CPU = Release|Any CPU
	EndGlobalSection
	GlobalSection(ProjectConfigurationPlatforms) = postSolution
		{19A9B66B-778F-45A3-B7B4-3AF86FE7EDC7}.Debug|Any CPU.ActiveCfg = Debug|Any CPU
		{19A9B66B-778F-45A3-B7B4-3AF86FE7EDC7}.Debug|Any CPU.Build.0 = Debug|Any CPU
		{19A9B66B-778F-45A3-B7B4-3AF86FE7EDC7}.Release|Any CPU.ActiveCfg = Release|Any CPU
		{19A9B66B-778F-45A3-B7B4-3AF86FE7EDC7}.Release|Any CPU.Build.0 = Release|Any CPU
	EndGlobalSection
	GlobalSection(SolutionProperties) = preSolution
		HideSolutionNode = FALSE
	EndGlobalSection
	GlobalSection(ExtensibilityGlobals) = postSolution
		SolutionGuid = {279F7D1C-B8B1-4C0C-929C-EAFCD739A72D}
	EndGlobalSection
EndGlobal
